
Microsoft Visual Studio Solution File, Format Version 12.00
# Visual Studio Version 17
VisualStudioVersion = 17.11.35312.102
MinimumVisualStudioVersion = 10.0.40219.1
Project("{9A19103F-16F7-4668-BE54-9A1E7A4F7556}") = "ArnieShopFinal", "ArnieShopFinal\ArnieShopFinal.csproj", "{60459313-E496-462B-B3B2-498E595158EA}"
EndProject
Global
	GlobalSection(SolutionConfigurationPlatforms) = preSolution
		Debug|Any CPU = Debug|Any CPU
		Debug|x64 = Debug|x64
		Release|Any CPU = Release|Any CPU
		Release|x64 = Release|x64
	EndGlobalSection
	GlobalSection(ProjectConfigurationPlatforms) = postSolution
		{60459313-E496-462B-B3B2-498E595158EA}.Debug|Any CPU.ActiveCfg = Debug|Any CPU
		{60459313-E496-462B-B3B2-498E595158EA}.Debug|Any CPU.Build.0 = Debug|Any CPU
		{60459313-E496-462B-B3B2-498E595158EA}.Debug|x64.ActiveCfg = Debug|x64
		{60459313-E496-462B-B3B2-498E595158EA}.Debug|x64.Build.0 = Debug|x64
		{60459313-E496-462B-B3B2-498E595158EA}.Release|Any CPU.ActiveCfg = Release|Any CPU
		{60459313-E496-462B-B3B2-498E595158EA}.Release|Any CPU.Build.0 = Release|Any CPU
		{60459313-E496-462B-B3B2-498E595158EA}.Release|x64.ActiveCfg = Release|x64
		{60459313-E496-462B-B3B2-498E595158EA}.Release|x64.Build.0 = Release|x64
	EndGlobalSection
	GlobalSection(SolutionProperties) = preSolution
		HideSolutionNode = FALSE
	EndGlobalSection
	GlobalSection(ExtensibilityGlobals) = postSolution
		SolutionGuid = {CFA0186A-58AA-4A5B-A40E-195DEB374387}
	EndGlobalSection
EndGlobal
